// !$*UTF8*$!
{
	archiveVersion = 1;
	classes = {
	};
	objectVersion = 46;
	objects = {

/* Begin PBXBuildFile section */
		02E135131988C74600D68C0A /* Foundation.framework in Frameworks */ = {isa = PBXBuildFile; fileRef = 02E135121988C74600D68C0A /* Foundation.framework */; };
		02E135151988C74600D68C0A /* CoreGraphics.framework in Frameworks */ = {isa = PBXBuildFile; fileRef = 02E135141988C74600D68C0A /* CoreGraphics.framework */; };
		02E135171988C74600D68C0A /* UIKit.framework in Frameworks */ = {isa = PBXBuildFile; fileRef = 02E135161988C74600D68C0A /* UIKit.framework */; };
		02E1351D1988C74600D68C0A /* InfoPlist.strings in Resources */ = {isa = PBXBuildFile; fileRef = 02E1351B1988C74600D68C0A /* InfoPlist.strings */; };
		02E1351F1988C74600D68C0A /* main.m in Sources */ = {isa = PBXBuildFile; fileRef = 02E1351E1988C74600D68C0A /* main.m */; };
		02E135231988C74600D68C0A /* AppDelegate.m in Sources */ = {isa = PBXBuildFile; fileRef = 02E135221988C74600D68C0A /* AppDelegate.m */; };
		02E135261988C74600D68C0A /* Main.storyboard in Resources */ = {isa = PBXBuildFile; fileRef = 02E135241988C74600D68C0A /* Main.storyboard */; };
		02E135291988C74600D68C0A /* ViewController.m in Sources */ = {isa = PBXBuildFile; fileRef = 02E135281988C74600D68C0A /* ViewController.m */; };
		02E1352B1988C74600D68C0A /* Images.xcassets in Resources */ = {isa = PBXBuildFile; fileRef = 02E1352A1988C74600D68C0A /* Images.xcassets */; };
		02E135321988C74600D68C0A /* XCTest.framework in Frameworks */ = {isa = PBXBuildFile; fileRef = 02E135311988C74600D68C0A /* XCTest.framework */; };
		02E135331988C74600D68C0A /* Foundation.framework in Frameworks */ = {isa = PBXBuildFile; fileRef = 02E135121988C74600D68C0A /* Foundation.framework */; };
		02E135341988C74600D68C0A /* UIKit.framework in Frameworks */ = {isa = PBXBuildFile; fileRef = 02E135161988C74600D68C0A /* UIKit.framework */; };
		02E1353C1988C74600D68C0A /* InfoPlist.strings in Resources */ = {isa = PBXBuildFile; fileRef = 02E1353A1988C74600D68C0A /* InfoPlist.strings */; };
		02E1353E1988C74600D68C0A /* JauntTests.m in Sources */ = {isa = PBXBuildFile; fileRef = 02E1353D1988C74600D68C0A /* JauntTests.m */; };
/* End PBXBuildFile section */

/* Begin PBXContainerItemProxy section */
		02E135351988C74600D68C0A /* PBXContainerItemProxy */ = {
			isa = PBXContainerItemProxy;
			containerPortal = 02E135071988C74600D68C0A /* Project object */;
			proxyType = 1;
			remoteGlobalIDString = 02E1350E1988C74600D68C0A;
			remoteInfo = Jaunt;
		};
/* End PBXContainerItemProxy section */

/* Begin PBXFileReference section */
		02E1350F1988C74600D68C0A /* Jaunt.app */ = {isa = PBXFileReference; explicitFileType = wrapper.application; includeInIndex = 0; path = Jaunt.app; sourceTree = BUILT_PRODUCTS_DIR; };
		02E135121988C74600D68C0A /* Foundation.framework */ = {isa = PBXFileReference; lastKnownFileType = wrapper.framework; name = Foundation.framework; path = System/Library/Frameworks/Foundation.framework; sourceTree = SDKROOT; };
		02E135141988C74600D68C0A /* CoreGraphics.framework */ = {isa = PBXFileReference; lastKnownFileType = wrapper.framework; name = CoreGraphics.framework; path = System/Library/Frameworks/CoreGraphics.framework; sourceTree = SDKROOT; };
		02E135161988C74600D68C0A /* UIKit.framework */ = {isa = PBXFileReference; lastKnownFileType = wrapper.framework; name = UIKit.framework; path = System/Library/Frameworks/UIKit.framework; sourceTree = SDKROOT; };
		02E1351A1988C74600D68C0A /* Jaunt-Info.plist */ = {isa = PBXFileReference; lastKnownFileType = text.plist.xml; path = "Jaunt-Info.plist"; sourceTree = "<group>"; };
		02E1351C1988C74600D68C0A /* en */ = {isa = PBXFileReference; lastKnownFileType = text.plist.strings; name = en; path = en.lproj/InfoPlist.strings; sourceTree = "<group>"; };
		02E1351E1988C74600D68C0A /* main.m */ = {isa = PBXFileReference; lastKnownFileType = sourcecode.c.objc; path = main.m; sourceTree = "<group>"; };
		02E135201988C74600D68C0A /* Jaunt-Prefix.pch */ = {isa = PBXFileReference; lastKnownFileType = sourcecode.c.h; path = "Jaunt-Prefix.pch"; sourceTree = "<group>"; };
		02E135211988C74600D68C0A /* AppDelegate.h */ = {isa = PBXFileReference; lastKnownFileType = sourcecode.c.h; path = AppDelegate.h; sourceTree = "<group>"; };
		02E135221988C74600D68C0A /* AppDelegate.m */ = {isa = PBXFileReference; lastKnownFileType = sourcecode.c.objc; path = AppDelegate.m; sourceTree = "<group>"; };
		02E135251988C74600D68C0A /* Base */ = {isa = PBXFileReference; lastKnownFileType = file.storyboard; name = Base; path = Base.lproj/Main.storyboard; sourceTree = "<group>"; };
		02E135271988C74600D68C0A /* ViewController.h */ = {isa = PBXFileReference; lastKnownFileType = sourcecode.c.h; path = ViewController.h; sourceTree = "<group>"; };
		02E135281988C74600D68C0A /* ViewController.m */ = {isa = PBXFileReference; lastKnownFileType = sourcecode.c.objc; path = ViewController.m; sourceTree = "<group>"; };
		02E1352A1988C74600D68C0A /* Images.xcassets */ = {isa = PBXFileReference; lastKnownFileType = folder.assetcatalog; path = Images.xcassets; sourceTree = "<group>"; };
		02E135301988C74600D68C0A /* JauntTests.xctest */ = {isa = PBXFileReference; explicitFileType = wrapper.cfbundle; includeInIndex = 0; path = JauntTests.xctest; sourceTree = BUILT_PRODUCTS_DIR; };
		02E135311988C74600D68C0A /* XCTest.framework */ = {isa = PBXFileReference; lastKnownFileType = wrapper.framework; name = XCTest.framework; path = Library/Frameworks/XCTest.framework; sourceTree = DEVELOPER_DIR; };
		02E135391988C74600D68C0A /* JauntTests-Info.plist */ = {isa = PBXFileReference; lastKnownFileType = text.plist.xml; path = "JauntTests-Info.plist"; sourceTree = "<group>"; };
		02E1353B1988C74600D68C0A /* en */ = {isa = PBXFileReference; lastKnownFileType = text.plist.strings; name = en; path = en.lproj/InfoPlist.strings; sourceTree = "<group>"; };
		02E1353D1988C74600D68C0A /* JauntTests.m */ = {isa = PBXFileReference; lastKnownFileType = sourcecode.c.objc; path = JauntTests.m; sourceTree = "<group>"; };
/* End PBXFileReference section */

/* Begin PBXFrameworksBuildPhase section */
		02E1350C1988C74600D68C0A /* Frameworks */ = {
			isa = PBXFrameworksBuildPhase;
			buildActionMask = 2147483647;
			files = (
				02E135151988C74600D68C0A /* CoreGraphics.framework in Frameworks */,
				02E135171988C74600D68C0A /* UIKit.framework in Frameworks */,
				02E135131988C74600D68C0A /* Foundation.framework in Frameworks */,
			);
			runOnlyForDeploymentPostprocessing = 0;
		};
		02E1352D1988C74600D68C0A /* Frameworks */ = {
			isa = PBXFrameworksBuildPhase;
			buildActionMask = 2147483647;
			files = (
				02E135321988C74600D68C0A /* XCTest.framework in Frameworks */,
				02E135341988C74600D68C0A /* UIKit.framework in Frameworks */,
				02E135331988C74600D68C0A /* Foundation.framework in Frameworks */,
			);
			runOnlyForDeploymentPostprocessing = 0;
		};
/* End PBXFrameworksBuildPhase section */

/* Begin PBXGroup section */
		02E135061988C74600D68C0A = {
			isa = PBXGroup;
			children = (
				02E135181988C74600D68C0A /* Jaunt */,
				02E135371988C74600D68C0A /* JauntTests */,
				02E135111988C74600D68C0A /* Frameworks */,
				02E135101988C74600D68C0A /* Products */,
			);
			sourceTree = "<group>";
		};
		02E135101988C74600D68C0A /* Products */ = {
			isa = PBXGroup;
			children = (
				02E1350F1988C74600D68C0A /* Jaunt.app */,
				02E135301988C74600D68C0A /* JauntTests.xctest */,
			);
			name = Products;
			sourceTree = "<group>";
		};
		02E135111988C74600D68C0A /* Frameworks */ = {
			isa = PBXGroup;
			children = (
				02E135121988C74600D68C0A /* Foundation.framework */,
				02E135141988C74600D68C0A /* CoreGraphics.framework */,
				02E135161988C74600D68C0A /* UIKit.framework */,
				02E135311988C74600D68C0A /* XCTest.framework */,
			);
			name = Frameworks;
			sourceTree = "<group>";
		};
		02E135181988C74600D68C0A /* Jaunt */ = {
			isa = PBXGroup;
			children = (
				02E135211988C74600D68C0A /* AppDelegate.h */,
				02E135221988C74600D68C0A /* AppDelegate.m */,
				02E135241988C74600D68C0A /* Main.storyboard */,
				02E135271988C74600D68C0A /* ViewController.h */,
				02E135281988C74600D68C0A /* ViewController.m */,
				02E1352A1988C74600D68C0A /* Images.xcassets */,
				02E135191988C74600D68C0A /* Supporting Files */,
			);
			path = Jaunt;
			sourceTree = "<group>";
		};
		02E135191988C74600D68C0A /* Supporting Files */ = {
			isa = PBXGroup;
			children = (
				02E1351A1988C74600D68C0A /* Jaunt-Info.plist */,
				02E1351B1988C74600D68C0A /* InfoPlist.strings */,
				02E1351E1988C74600D68C0A /* main.m */,
				02E135201988C74600D68C0A /* Jaunt-Prefix.pch */,
			);
			name = "Supporting Files";
			sourceTree = "<group>";
		};
		02E135371988C74600D68C0A /* JauntTests */ = {
			isa = PBXGroup;
			children = (
				02E1353D1988C74600D68C0A /* JauntTests.m */,
				02E135381988C74600D68C0A /* Supporting Files */,
			);
			path = JauntTests;
			sourceTree = "<group>";
		};
		02E135381988C74600D68C0A /* Supporting Files */ = {
			isa = PBXGroup;
			children = (
				02E135391988C74600D68C0A /* JauntTests-Info.plist */,
				02E1353A1988C74600D68C0A /* InfoPlist.strings */,
			);
			name = "Supporting Files";
			sourceTree = "<group>";
		};
/* End PBXGroup section */

/* Begin PBXNativeTarget section */
		02E1350E1988C74600D68C0A /* Jaunt */ = {
			isa = PBXNativeTarget;
			buildConfigurationList = 02E135411988C74600D68C0A /* Build configuration list for PBXNativeTarget "Jaunt" */;
			buildPhases = (
				02E1350B1988C74600D68C0A /* Sources */,
				02E1350C1988C74600D68C0A /* Frameworks */,
				02E1350D1988C74600D68C0A /* Resources */,
			);
			buildRules = (
			);
			dependencies = (
			);
			name = Jaunt;
			productName = Jaunt;
			productReference = 02E1350F1988C74600D68C0A /* Jaunt.app */;
			productType = "com.apple.product-type.application";
		};
		02E1352F1988C74600D68C0A /* JauntTests */ = {
			isa = PBXNativeTarget;
			buildConfigurationList = 02E135441988C74600D68C0A /* Build configuration list for PBXNativeTarget "JauntTests" */;
			buildPhases = (
				02E1352C1988C74600D68C0A /* Sources */,
				02E1352D1988C74600D68C0A /* Frameworks */,
				02E1352E1988C74600D68C0A /* Resources */,
			);
			buildRules = (
			);
			dependencies = (
				02E135361988C74600D68C0A /* PBXTargetDependency */,
			);
			name = JauntTests;
			productName = JauntTests;
			productReference = 02E135301988C74600D68C0A /* JauntTests.xctest */;
			productType = "com.apple.product-type.bundle.unit-test";
		};
/* End PBXNativeTarget section */

/* Begin PBXProject section */
		02E135071988C74600D68C0A /* Project object */ = {
			isa = PBXProject;
			attributes = {
				LastUpgradeCheck = 0510;
				ORGANIZATIONNAME = loganisitt;
				TargetAttributes = {
					02E1352F1988C74600D68C0A = {
						TestTargetID = 02E1350E1988C74600D68C0A;
					};
				};
			};
			buildConfigurationList = 02E1350A1988C74600D68C0A /* Build configuration list for PBXProject "Jaunt" */;
			compatibilityVersion = "Xcode 3.2";
			developmentRegion = English;
			hasScannedForEncodings = 0;
			knownRegions = (
				en,
				Base,
			);
			mainGroup = 02E135061988C74600D68C0A;
			productRefGroup = 02E135101988C74600D68C0A /* Products */;
			projectDirPath = "";
			projectRoot = "";
			targets = (
				02E1350E1988C74600D68C0A /* Jaunt */,
				02E1352F1988C74600D68C0A /* JauntTests */,
			);
		};
/* End PBXProject section */

/* Begin PBXResourcesBuildPhase section */
		02E1350D1988C74600D68C0A /* Resources */ = {
			isa = PBXResourcesBuildPhase;
			buildActionMask = 2147483647;
			files = (
				02E1352B1988C74600D68C0A /* Images.xcassets in Resources */,
				02E1351D1988C74600D68C0A /* InfoPlist.strings in Resources */,
				02E135261988C74600D68C0A /* Main.storyboard in Resources */,
			);
			runOnlyForDeploymentPostprocessing = 0;
		};
		02E1352E1988C74600D68C0A /* Resources */ = {
			isa = PBXResourcesBuildPhase;
			buildActionMask = 2147483647;
			files = (
				02E1353C1988C74600D68C0A /* InfoPlist.strings in Resources */,
			);
			runOnlyForDeploymentPostprocessing = 0;
		};
/* End PBXResourcesBuildPhase section */

/* Begin PBXSourcesBuildPhase section */
		02E1350B1988C74600D68C0A /* Sources */ = {
			isa = PBXSourcesBuildPhase;
			buildActionMask = 2147483647;
			files = (
				02E135291988C74600D68C0A /* ViewController.m in Sources */,
				02E135231988C74600D68C0A /* AppDelegate.m in Sources */,
				02E1351F1988C74600D68C0A /* main.m in Sources */,
			);
			runOnlyForDeploymentPostprocessing = 0;
		};
		02E1352C1988C74600D68C0A /* Sources */ = {
			isa = PBXSourcesBuildPhase;
			buildActionMask = 2147483647;
			files = (
				02E1353E1988C74600D68C0A /* JauntTests.m in Sources */,
			);
			runOnlyForDeploymentPostprocessing = 0;
		};
/* End PBXSourcesBuildPhase section */

/* Begin PBXTargetDependency section */
		02E135361988C74600D68C0A /* PBXTargetDependency */ = {
			isa = PBXTargetDependency;
			target = 02E1350E1988C74600D68C0A /* Jaunt */;
			targetProxy = 02E135351988C74600D68C0A /* PBXContainerItemProxy */;
		};
/* End PBXTargetDependency section */

/* Begin PBXVariantGroup section */
		02E1351B1988C74600D68C0A /* InfoPlist.strings */ = {
			isa = PBXVariantGroup;
			children = (
				02E1351C1988C74600D68C0A /* en */,
			);
			name = InfoPlist.strings;
			sourceTree = "<group>";
		};
		02E135241988C74600D68C0A /* Main.storyboard */ = {
			isa = PBXVariantGroup;
			children = (
				02E135251988C74600D68C0A /* Base */,
			);
			name = Main.storyboard;
			sourceTree = "<group>";
		};
		02E1353A1988C74600D68C0A /* InfoPlist.strings */ = {
			isa = PBXVariantGroup;
			children = (
				02E1353B1988C74600D68C0A /* en */,
			);
			name = InfoPlist.strings;
			sourceTree = "<group>";
		};
/* End PBXVariantGroup section */

/* Begin XCBuildConfiguration section */
		02E1353F1988C74600D68C0A /* Debug */ = {
			isa = XCBuildConfiguration;
			buildSettings = {
				ALWAYS_SEARCH_USER_PATHS = NO;
				CLANG_CXX_LANGUAGE_STANDARD = "gnu++0x";
				CLANG_CXX_LIBRARY = "libc++";
				CLANG_ENABLE_MODULES = YES;
				CLANG_ENABLE_OBJC_ARC = YES;
				CLANG_WARN_BOOL_CONVERSION = YES;
				CLANG_WARN_CONSTANT_CONVERSION = YES;
				CLANG_WARN_DIRECT_OBJC_ISA_USAGE = YES_ERROR;
				CLANG_WARN_EMPTY_BODY = YES;
				CLANG_WARN_ENUM_CONVERSION = YES;
				CLANG_WARN_INT_CONVERSION = YES;
				CLANG_WARN_OBJC_ROOT_CLASS = YES_ERROR;
				CLANG_WARN__DUPLICATE_METHOD_MATCH = YES;
				"CODE_SIGN_IDENTITY[sdk=iphoneos*]" = "iPhone Developer";
				COPY_PHASE_STRIP = NO;
				GCC_C_LANGUAGE_STANDARD = gnu99;
				GCC_DYNAMIC_NO_PIC = NO;
				GCC_OPTIMIZATION_LEVEL = 0;
				GCC_PREPROCESSOR_DEFINITIONS = (
					"DEBUG=1",
					"$(inherited)",
				);
				GCC_SYMBOLS_PRIVATE_EXTERN = NO;
				GCC_WARN_64_TO_32_BIT_CONVERSION = YES;
				GCC_WARN_ABOUT_RETURN_TYPE = YES_ERROR;
				GCC_WARN_UNDECLARED_SELECTOR = YES;
				GCC_WARN_UNINITIALIZED_AUTOS = YES_AGGRESSIVE;
				GCC_WARN_UNUSED_FUNCTION = YES;
				GCC_WARN_UNUSED_VARIABLE = YES;
				IPHONEOS_DEPLOYMENT_TARGET = 7.1;
				ONLY_ACTIVE_ARCH = YES;
				SDKROOT = iphoneos;
			};
			name = Debug;
		};
		02E135401988C74600D68C0A /* Release */ = {
			isa = XCBuildConfiguration;
			buildSettings = {
				ALWAYS_SEARCH_USER_PATHS = NO;
				CLANG_CXX_LANGUAGE_STANDARD = "gnu++0x";
				CLANG_CXX_LIBRARY = "libc++";
				CLANG_ENABLE_MODULES = YES;
				CLANG_ENABLE_OBJC_ARC = YES;
				CLANG_WARN_BOOL_CONVERSION = YES;
				CLANG_WARN_CONSTANT_CONVERSION = YES;
				CLANG_WARN_DIRECT_OBJC_ISA_USAGE = YES_ERROR;
				CLANG_WARN_EMPTY_BODY = YES;
				CLANG_WARN_ENUM_CONVERSION = YES;
				CLANG_WARN_INT_CONVERSION = YES;
				CLANG_WARN_OBJC_ROOT_CLASS = YES_ERROR;
				CLANG_WARN__DUPLICATE_METHOD_MATCH = YES;
				"CODE_SIGN_IDENTITY[sdk=iphoneos*]" = "iPhone Developer";
				COPY_PHASE_STRIP = YES;
				ENABLE_NS_ASSERTIONS = NO;
				GCC_C_LANGUAGE_STANDARD = gnu99;
				GCC_WARN_64_TO_32_BIT_CONVERSION = YES;
				GCC_WARN_ABOUT_RETURN_TYPE = YES_ERROR;
				GCC_WARN_UNDECLARED_SELECTOR = YES;
				GCC_WARN_UNINITIALIZED_AUTOS = YES_AGGRESSIVE;
				GCC_WARN_UNUSED_FUNCTION = YES;
				GCC_WARN_UNUSED_VARIABLE = YES;
				IPHONEOS_DEPLOYMENT_TARGET = 7.1;
				SDKROOT = iphoneos;
				VALIDATE_PRODUCT = YES;
			};
			name = Release;
		};
		02E135421988C74600D68C0A /* Debug */ = {
			isa = XCBuildConfiguration;
			buildSettings = {
				ASSETCATALOG_COMPILER_APPICON_NAME = AppIcon;
				ASSETCATALOG_COMPILER_LAUNCHIMAGE_NAME = LaunchImage;
				GCC_PRECOMPILE_PREFIX_HEADER = YES;
				GCC_PREFIX_HEADER = "Jaunt/Jaunt-Prefix.pch";
				INFOPLIST_FILE = "Jaunt/Jaunt-Info.plist";
				PRODUCT_NAME = "$(TARGET_NAME)";
				WRAPPER_EXTENSION = app;
			};
			name = Debug;
		};
		02E135431988C74600D68C0A /* Release */ = {
			isa = XCBuildConfiguration;
			buildSettings = {
				ASSETCATALOG_COMPILER_APPICON_NAME = AppIcon;
				ASSETCATALOG_COMPILER_LAUNCHIMAGE_NAME = LaunchImage;
				GCC_PRECOMPILE_PREFIX_HEADER = YES;
				GCC_PREFIX_HEADER = "Jaunt/Jaunt-Prefix.pch";
				INFOPLIST_FILE = "Jaunt/Jaunt-Info.plist";
				PRODUCT_NAME = "$(TARGET_NAME)";
				WRAPPER_EXTENSION = app;
			};
			name = Release;
		};
		02E135451988C74600D68C0A /* Debug */ = {
			isa = XCBuildConfiguration;
			buildSettings = {
				BUNDLE_LOADER = "$(BUILT_PRODUCTS_DIR)/Jaunt.app/Jaunt";
				FRAMEWORK_SEARCH_PATHS = (
					"$(SDKROOT)/Developer/Library/Frameworks",
					"$(inherited)",
					"$(DEVELOPER_FRAMEWORKS_DIR)",
				);
				GCC_PRECOMPILE_PREFIX_HEADER = YES;
				GCC_PREFIX_HEADER = "Jaunt/Jaunt-Prefix.pch";
				GCC_PREPROCESSOR_DEFINITIONS = (
					"DEBUG=1",
					"$(inherited)",
				);
				INFOPLIST_FILE = "JauntTests/JauntTests-Info.plist";
				PRODUCT_NAME = "$(TARGET_NAME)";
				TEST_HOST = "$(BUNDLE_LOADER)";
				WRAPPER_EXTENSION = xctest;
			};
			name = Debug;
		};
		02E135461988C74600D68C0A /* Release */ = {
			isa = XCBuildConfiguration;
			buildSettings = {
				BUNDLE_LOADER = "$(BUILT_PRODUCTS_DIR)/Jaunt.app/Jaunt";
				FRAMEWORK_SEARCH_PATHS = (
					"$(SDKROOT)/Developer/Library/Frameworks",
					"$(inherited)",
					"$(DEVELOPER_FRAMEWORKS_DIR)",
				);
				GCC_PRECOMPILE_PREFIX_HEADER = YES;
				GCC_PREFIX_HEADER = "Jaunt/Jaunt-Prefix.pch";
				INFOPLIST_FILE = "JauntTests/JauntTests-Info.plist";
				PRODUCT_NAME = "$(TARGET_NAME)";
				TEST_HOST = "$(BUNDLE_LOADER)";
				WRAPPER_EXTENSION = xctest;
			};
			name = Release;
		};
/* End XCBuildConfiguration section */

/* Begin XCConfigurationList section */
		02E1350A1988C74600D68C0A /* Build configuration list for PBXProject "Jaunt" */ = {
			isa = XCConfigurationList;
			buildConfigurations = (
				02E1353F1988C74600D68C0A /* Debug */,
				02E135401988C74600D68C0A /* Release */,
			);
			defaultConfigurationIsVisible = 0;
			defaultConfigurationName = Release;
		};
		02E135411988C74600D68C0A /* Build configuration list for PBXNativeTarget "Jaunt" */ = {
			isa = XCConfigurationList;
			buildConfigurations = (
				02E135421988C74600D68C0A /* Debug */,
				02E135431988C74600D68C0A /* Release */,
			);
			defaultConfigurationIsVisible = 0;
		};
		02E135441988C74600D68C0A /* Build configuration list for PBXNativeTarget "JauntTests" */ = {
			isa = XCConfigurationList;
			buildConfigurations = (
				02E135451988C74600D68C0A /* Debug */,
				02E135461988C74600D68C0A /* Release */,
			);
			defaultConfigurationIsVisible = 0;
		};
/* End XCConfigurationList section */
	};
	rootObject = 02E135071988C74600D68C0A /* Project object */;
}
